
Microsoft Visual Studio Solution File, Format Version 12.00
# Visual Studio Version 17
VisualStudioVersion = 17.0.31903.59
MinimumVisualStudioVersion = 10.0.40219.1
Project("{FAE04EC0-301F-11D3-BF4B-00C04F79EFBC}") = "Garage", "Garage.csproj", "{F5E9148E-6218-407C-87E1-DBFDF5C3C166}"
EndProject
Global
	GlobalSection(SolutionConfigurationPlatforms) = preSolution
		Debug|Any CPU = Debug|Any CPU
		Release|Any CPU = Release|Any CPU
	EndGlobalSection
	GlobalSection(ProjectConfigurationPlatforms) = postSolution
		{F5E9148E-6218-407C-87E1-DBFDF5C3C166}.Debug|Any CPU.ActiveCfg = Debug|Any CPU
		{F5E9148E-6218-407C-87E1-DBFDF5C3C166}.Debug|Any CPU.Build.0 = Debug|Any CPU
		{F5E9148E-6218-407C-87E1-DBFDF5C3C166}.Release|Any CPU.ActiveCfg = Release|Any CPU
		{F5E9148E-6218-407C-87E1-DBFDF5C3C166}.Release|Any CPU.Build.0 = Release|Any CPU
	EndGlobalSection
	GlobalSection(SolutionProperties) = preSolution
		HideSolutionNode = FALSE
	EndGlobalSection
	GlobalSection(ExtensibilityGlobals) = postSolution
		SolutionGuid = {D6954C2E-C225-4070-A8E5-7CF946F903C5}
	EndGlobalSection
EndGlobal
